<?xml version="1.0" encoding="utf-8"?>
<Project ToolsVersion="4.0" xmlns="http://schemas.microsoft.com/developer/msbuild/2003">
  <ItemGroup>
    <ClInclude Include="TitleLevel.h">
      <Filter>Levels</Filter>
    </ClInclude>
    <ClInclude Include="PlayLevel.h">
      <Filter>Levels</Filter>
    </ClInclude>
    <ClInclude Include="giantStageLevel.h">
      <Filter>Levels</Filter>
    </ClInclude>
    <ClInclude Include="DogAirplaneLevel.h">
      <Filter>Levels</Filter>
    </ClInclude>
    <ClInclude Include="TutorialMap.h">
      <Filter>Object\TutorialMap</Filter>
    </ClInclude>
    <ClInclude Include="DogAirplane.h">
      <Filter>Object\DogAirplane</Filter>
    </ClInclude>
    <ClInclude Include="DogAirplaneBackground.h">
      <Filter>Object\DogAirplane</Filter>
    </ClInclude>
    <ClInclude Include="Player.h">
      <Filter>Object\Player</Filter>
    </ClInclude>
    <ClInclude Include="ContentsCore.h">
      <Filter>Levels</Filter>
    </ClInclude>
    <ClInclude Include="IdleWeapon.h">
      <Filter>Object\Player</Filter>
    </ClInclude>
    <ClInclude Include="TestObject.h">
      <Filter>Object\Player</Filter>
    </ClInclude>
    <ClInclude Include="NpcAirplane.h">
      <Filter>Object\DogAirplane</Filter>
    </ClInclude>
    <ClInclude Include="PlayerRunEffect.h">
      <Filter>Object\test</Filter>
    </ClInclude>
    <ClInclude Include="PrecompileHeader.h">
      <Filter>Object\test</Filter>
    </ClInclude>
    <ClInclude Include="GiantBoss.h">
      <Filter>Object\Giant</Filter>
    </ClInclude>
    <ClInclude Include="Dog_ball.h" />
    <ClInclude Include="BoneWeapon.h" />
    <ClInclude Include="dogfight_catshoot_yarnball.h" />
    <ClInclude Include="DogAirPlaneManager.h" />
    <ClInclude Include="Ph2_DogAirpalne.h" />
    <ClInclude Include="ph3_DogAirPlane.h" />
    <ClInclude Include="ph3_Laser.h" />
    <ClInclude Include="ph3_Dog_Npc.h" />
    <ClInclude Include="ph3_food_bowl.h" />
    <ClInclude Include="ph2_Boss_Weapon.h" />
    <ClInclude Include="UserInterface.h" />
    <ClInclude Include="Boss_Finish.h" />
    <ClInclude Include="ExWeapon.h" />
    <ClInclude Include="EnumClass.h" />
    <ClInclude Include="TutorialObject.h" />
    <ClInclude Include="TimeFlow.h" />
    <ClInclude Include="IntroLevel.h" />
    <ClInclude Include="OverWorld.h">
      <Filter>Levels</Filter>
    </ClInclude>
    <ClInclude Include="OverHead_Player.h" />
    <ClInclude Include="OverWorld_Map.h" />
    <ClInclude Include="Crown_Bepi_Map.h" />
    <ClInclude Include="Ph1_Bepi.h" />
    <ClInclude Include="Bepi_Duck.h" />
    <ClInclude Include="Rollercoaster.h" />
    <ClInclude Include="Crown_Bepi_Level.h">
      <Filter>Levels</Filter>
    </ClInclude>
    <ClInclude Include="Ph2_Bepi.h" />
    <ClInclude Include="Ph2_Bepi_Weapon.h" />
  </ItemGroup>
  <ItemGroup>
    <ClCompile Include="TitleLevel.cpp">
      <Filter>Levels</Filter>
    </ClCompile>
    <ClCompile Include="PlayLevel.cpp">
      <Filter>Levels</Filter>
    </ClCompile>
    <ClCompile Include="giantStageLevel.cpp">
      <Filter>Levels</Filter>
    </ClCompile>
    <ClCompile Include="DogAirplaneLevel.cpp">
      <Filter>Levels</Filter>
    </ClCompile>
    <ClCompile Include="TutorialMap.cpp">
      <Filter>Object\TutorialMap</Filter>
    </ClCompile>
    <ClCompile Include="DogAirplane.cpp">
      <Filter>Object\DogAirplane</Filter>
    </ClCompile>
    <ClCompile Include="DogAirplaneBackground.cpp">
      <Filter>Object\DogAirplane</Filter>
    </ClCompile>
    <ClCompile Include="DogAirplaneState.cpp">
      <Filter>Object\DogAirplane</Filter>
    </ClCompile>
    <ClCompile Include="Player.cpp">
      <Filter>Object\Player</Filter>
    </ClCompile>
    <ClCompile Include="ContentsCore.cpp">
      <Filter>Levels</Filter>
    </ClCompile>
    <ClCompile Include="IdleWeapon.cpp">
      <Filter>Object\Player</Filter>
    </ClCompile>
    <ClCompile Include="NpcAirPlaneState.cpp">
      <Filter>Object\DogAirplane</Filter>
    </ClCompile>
    <ClCompile Include="PlayerState.cpp">
      <Filter>Object\Player</Filter>
    </ClCompile>
    <ClCompile Include="TestObject.cpp">
      <Filter>Object\Player</Filter>
    </ClCompile>
    <ClCompile Include="NpcAirplane.cpp">
      <Filter>Object\DogAirplane</Filter>
    </ClCompile>
    <ClCompile Include="PlayerRunEffect.cpp">
      <Filter>Object\Player</Filter>
    </ClCompile>
    <ClCompile Include="PrecompileHeader.cpp">
      <Filter>Object\test</Filter>
    </ClCompile>
    <ClCompile Include="GiantBossState.cpp">
      <Filter>Object\Giant</Filter>
    </ClCompile>
    <ClCompile Include="GiantBoss.cpp">
      <Filter>Object\Giant</Filter>
    </ClCompile>
    <ClCompile Include="Dog_ball.cpp" />
    <ClCompile Include="BoneWeapon.cpp" />
    <ClCompile Include="dogfight_catshoot_yarnball.cpp" />
    <ClCompile Include="DogAirPlaneManager.cpp" />
    <ClCompile Include="Ph2_DogAirpalne.cpp" />
    <ClCompile Include="Ph2_DogAirPlaneState.cpp">
      <Filter>Object\DogAirplane</Filter>
    </ClCompile>
    <ClCompile Include="ph3_DogAirPlane.cpp" />
    <ClCompile Include="ph3_DogAirPlaneState.cpp">
      <Filter>Object\DogAirplane</Filter>
    </ClCompile>
    <ClCompile Include="ph3_Laser.cpp" />
    <ClCompile Include="ph3_Dog_Npc.cpp" />
    <ClCompile Include="ph3_food_bowl.cpp" />
    <ClCompile Include="ph2_Boss_Weapon.cpp" />
    <ClCompile Include="UserInterface.cpp" />
    <ClCompile Include="Boss_Finish.cpp" />
    <ClCompile Include="ExWeapon.cpp" />
    <ClCompile Include="TutorialObject.cpp" />
    <ClCompile Include="TimeFlow.cpp" />
    <ClCompile Include="IntroLevel.cpp" />
    <ClCompile Include="OverWorld.cpp">
      <Filter>Levels</Filter>
    </ClCompile>
    <ClCompile Include="OverHead_Player.cpp" />
    <ClCompile Include="OverHead_Player_State.cpp" />
    <ClCompile Include="OverWorld_Map.cpp" />
    <ClCompile Include="Crown_Bepi_Map.cpp" />
    <ClCompile Include="Ph1_Bepi.cpp" />
    <ClCompile Include="Beppi_State.cpp" />
    <ClCompile Include="Bepi_Duck.cpp" />
    <ClCompile Include="Rollercoaster.cpp" />
    <ClCompile Include="Crown_Bepi_Level.cpp">
      <Filter>Levels</Filter>
    </ClCompile>
    <ClCompile Include="Ph2_Bepi.cpp" />
    <ClCompile Include="Ph2_Beppi_State.cpp" />
    <ClCompile Include="Ph2_Bepi_Weapon.cpp" />
  </ItemGroup>
  <ItemGroup>
    <Filter Include="Levels">
      <UniqueIdentifier>{3d17108a-64cc-412c-add8-c9f82f90c9e4}</UniqueIdentifier>
    </Filter>
    <Filter Include="Object">
      <UniqueIdentifier>{df11f953-5c45-4952-85fb-a35bec5d2a60}</UniqueIdentifier>
    </Filter>
    <Filter Include="Object\TutorialMap">
      <UniqueIdentifier>{d03ae8e5-8422-4c99-be52-daa640ae419c}</UniqueIdentifier>
    </Filter>
    <Filter Include="Object\DogAirplane">
      <UniqueIdentifier>{23288ed3-af4d-4f23-873d-55fc43631cc1}</UniqueIdentifier>
    </Filter>
    <Filter Include="Object\Player">
      <UniqueIdentifier>{e6795342-5d69-4293-a6a7-cc7e269c397f}</UniqueIdentifier>
    </Filter>
    <Filter Include="Object\test">
      <UniqueIdentifier>{a175c8e0-6066-4166-a0a3-e248c24ecc07}</UniqueIdentifier>
    </Filter>
    <Filter Include="Object\Giant">
      <UniqueIdentifier>{cc7c939c-679c-4668-a056-b7ce01d4d5a0}</UniqueIdentifier>
    </Filter>
  </ItemGroup>
</Project>