<?xml version="1.0" encoding="utf-8"?>
<Project ToolsVersion="4.0" xmlns="http://schemas.microsoft.com/developer/msbuild/2003">
  <ItemGroup>
    <ClCompile Include="Bomberman.cpp" />
    <ClCompile Include="ConsoleGameMath.cpp">
      <Filter>01.Engine</Filter>
    </ClCompile>
    <ClCompile Include="ConsoleGameScreen.cpp">
      <Filter>01.Engine</Filter>
    </ClCompile>
    <ClCompile Include="GameEngineDebug.cpp">
      <Filter>00.Base</Filter>
    </ClCompile>
    <ClCompile Include="Boom.cpp">
      <Filter>02.Contents</Filter>
    </ClCompile>
    <ClCompile Include="Player.cpp">
      <Filter>02.Contents</Filter>
    </ClCompile>
    <ClCompile Include="ConsoleGameObject.cpp">
      <Filter>01.Engine</Filter>
    </ClCompile>
    <ClCompile Include="Wall.cpp">
      <Filter>02.Contents</Filter>
    </ClCompile>
    <ClCompile Include="Monster.cpp">
      <Filter>02.Contents</Filter>
    </ClCompile>
  </ItemGroup>
  <ItemGroup>
    <Filter Include="00.Base">
      <UniqueIdentifier>{97976b95-bfa5-4018-8559-7528d09a6970}</UniqueIdentifier>
    </Filter>
    <Filter Include="01.Engine">
      <UniqueIdentifier>{faaaef4a-0161-45fb-8599-3bb756b0de56}</UniqueIdentifier>
    </Filter>
    <Filter Include="02.Contents">
      <UniqueIdentifier>{a7347343-4ee9-413c-b21a-bed521658b73}</UniqueIdentifier>
    </Filter>
  </ItemGroup>
  <ItemGroup>
    <ClInclude Include="ConsoleGameMath.h">
      <Filter>01.Engine</Filter>
    </ClInclude>
    <ClInclude Include="ConsoleGameScreen.h">
      <Filter>01.Engine</Filter>
    </ClInclude>
    <ClInclude Include="GameEngineDebug.h">
      <Filter>00.Base</Filter>
    </ClInclude>
    <ClInclude Include="Boom.h">
      <Filter>02.Contents</Filter>
    </ClInclude>
    <ClInclude Include="Player.h">
      <Filter>02.Contents</Filter>
    </ClInclude>
    <ClInclude Include="ConsoleGameObject.h">
      <Filter>01.Engine</Filter>
    </ClInclude>
    <ClInclude Include="Wall.h">
      <Filter>02.Contents</Filter>
    </ClInclude>
    <ClInclude Include="Monster.h">
      <Filter>02.Contents</Filter>
    </ClInclude>
  </ItemGroup>
</Project>